
Microsoft Visual Studio Solution File, Format Version 12.00
# Visual Studio 15
VisualStudioVersion = 15.0.28307.329
MinimumVisualStudioVersion = 10.0.40219.1
Project("{FAE04EC0-301F-11D3-BF4B-00C04F79EFBC}") = "homework01", "homework01\homework01.csproj", "{791F3A2A-27FC-4E40-800B-C4610FDF3CB7}"
EndProject
Global
	GlobalSection(SolutionConfigurationPlatforms) = preSolution
		Debug|Any CPU = Debug|Any CPU
		Release|Any CPU = Release|Any CPU
	EndGlobalSection
	GlobalSection(ProjectConfigurationPlatforms) = postSolution
		{791F3A2A-27FC-4E40-800B-C4610FDF3CB7}.Debug|Any CPU.ActiveCfg = Debug|Any CPU
		{791F3A2A-27FC-4E40-800B-C4610FDF3CB7}.Debug|Any CPU.Build.0 = Debug|Any CPU
		{791F3A2A-27FC-4E40-800B-C4610FDF3CB7}.Release|Any CPU.ActiveCfg = Release|Any CPU
		{791F3A2A-27FC-4E40-800B-C4610FDF3CB7}.Release|Any CPU.Build.0 = Release|Any CPU
	EndGlobalSection
	GlobalSection(SolutionProperties) = preSolution
		HideSolutionNode = FALSE
	EndGlobalSection
	GlobalSection(ExtensibilityGlobals) = postSolution
		SolutionGuid = {92879F29-B201-4B01-965A-B0B80145F92C}
	EndGlobalSection
EndGlobal
